<?xml version="1.0" encoding="utf-8"?>
<Project ToolsVersion="17.0" xmlns="http://schemas.microsoft.com/developer/msbuild/2003">
  <ItemGroup>
    <CustomBuild Include="D:\projects\GeometryLab\engine\netgen\external_dependencies\zlib\CMakeFiles\8292c7bc041cec15984cf8ba8f7f509e\generate.stamp.rule">
      <Filter>CMake Rules</Filter>
    </CustomBuild>
  </ItemGroup>
  <ItemGroup>
    <Filter Include="CMake Rules">
      <UniqueIdentifier>{6A293439-2BDA-309F-928F-DFB7CC5F88A7}</UniqueIdentifier>
    </Filter>
  </ItemGroup>
</Project>
